// !$*UTF8*$!
{
	archiveVersion = 1;
	classes = {
	};
	objectVersion = 50;
	objects = {

/* Begin PBXBuildFile section */
		7534694A209B94E900599A82 /* DetailViewController.swift in Sources */ = {isa = PBXBuildFile; fileRef = 75346949209B94E900599A82 /* DetailViewController.swift */; };
		7564BCFF209B36F700439712 /* AppDelegate.swift in Sources */ = {isa = PBXBuildFile; fileRef = 7564BCFE209B36F700439712 /* AppDelegate.swift */; };
		7564BD01209B36F700439712 /* MainViewController.swift in Sources */ = {isa = PBXBuildFile; fileRef = 7564BD00209B36F700439712 /* MainViewController.swift */; };
		7564BD04209B36F700439712 /* Main.storyboard in Resources */ = {isa = PBXBuildFile; fileRef = 7564BD02209B36F700439712 /* Main.storyboard */; };
		7564BD06209B36F800439712 /* Assets.xcassets in Resources */ = {isa = PBXBuildFile; fileRef = 7564BD05209B36F800439712 /* Assets.xcassets */; };
		75FD6346209D0472004E8582 /* Film.swift in Sources */ = {isa = PBXBuildFile; fileRef = 75FD6345209D0472004E8582 /* Film.swift */; };
		75FD6349209D0486004E8582 /* Character.swift in Sources */ = {isa = PBXBuildFile; fileRef = 75FD6348209D0486004E8582 /* Character.swift */; };
		75FD634C209D1350004E8582 /* CustomDateFormatter.swift in Sources */ = {isa = PBXBuildFile; fileRef = 75FD634B209D1350004E8582 /* CustomDateFormatter.swift */; };
/* End PBXBuildFile section */

/* Begin PBXFileReference section */
		75346949209B94E900599A82 /* DetailViewController.swift */ = {isa = PBXFileReference; lastKnownFileType = sourcecode.swift; path = DetailViewController.swift; sourceTree = "<group>"; };
		7564BCFB209B36F700439712 /* BBS_Test.app */ = {isa = PBXFileReference; explicitFileType = wrapper.application; includeInIndex = 0; path = BBS_Test.app; sourceTree = BUILT_PRODUCTS_DIR; };
		7564BCFE209B36F700439712 /* AppDelegate.swift */ = {isa = PBXFileReference; lastKnownFileType = sourcecode.swift; path = AppDelegate.swift; sourceTree = "<group>"; };
		7564BD00209B36F700439712 /* MainViewController.swift */ = {isa = PBXFileReference; lastKnownFileType = sourcecode.swift; path = MainViewController.swift; sourceTree = "<group>"; };
		7564BD03209B36F700439712 /* Base */ = {isa = PBXFileReference; lastKnownFileType = file.storyboard; name = Base; path = Base.lproj/Main.storyboard; sourceTree = "<group>"; };
		7564BD05209B36F800439712 /* Assets.xcassets */ = {isa = PBXFileReference; lastKnownFileType = folder.assetcatalog; path = Assets.xcassets; sourceTree = "<group>"; };
		7564BD0A209B36F800439712 /* Info.plist */ = {isa = PBXFileReference; lastKnownFileType = text.plist.xml; path = Info.plist; sourceTree = "<group>"; };
		75FD6345209D0472004E8582 /* Film.swift */ = {isa = PBXFileReference; lastKnownFileType = sourcecode.swift; path = Film.swift; sourceTree = "<group>"; };
		75FD6348209D0486004E8582 /* Character.swift */ = {isa = PBXFileReference; lastKnownFileType = sourcecode.swift; path = Character.swift; sourceTree = "<group>"; };
		75FD634B209D1350004E8582 /* CustomDateFormatter.swift */ = {isa = PBXFileReference; lastKnownFileType = sourcecode.swift; path = CustomDateFormatter.swift; sourceTree = "<group>"; };
/* End PBXFileReference section */

/* Begin PBXFrameworksBuildPhase section */
		7564BCF8209B36F700439712 /* Frameworks */ = {
			isa = PBXFrameworksBuildPhase;
			buildActionMask = 2147483647;
			files = (
			);
			runOnlyForDeploymentPostprocessing = 0;
		};
/* End PBXFrameworksBuildPhase section */

/* Begin PBXGroup section */
		7564BCF2209B36F700439712 = {
			isa = PBXGroup;
			children = (
				7564BCFD209B36F700439712 /* BBS_Test */,
				7564BCFC209B36F700439712 /* Products */,
			);
			sourceTree = "<group>";
		};
		7564BCFC209B36F700439712 /* Products */ = {
			isa = PBXGroup;
			children = (
				7564BCFB209B36F700439712 /* BBS_Test.app */,
			);
			name = Products;
			sourceTree = "<group>";
		};
		7564BCFD209B36F700439712 /* BBS_Test */ = {
			isa = PBXGroup;
			children = (
				7564BCFE209B36F700439712 /* AppDelegate.swift */,
				75FD6347209D0476004E8582 /* Model */,
				75FD634D209E0548004E8582 /* View */,
				75FD634A209D077B004E8582 /* Controllers */,
				7564BD05209B36F800439712 /* Assets.xcassets */,
				7564BD0A209B36F800439712 /* Info.plist */,
			);
			path = BBS_Test;
			sourceTree = "<group>";
		};
		75FD6347209D0476004E8582 /* Model */ = {
			isa = PBXGroup;
			children = (
				75FD6345209D0472004E8582 /* Film.swift */,
				75FD6348209D0486004E8582 /* Character.swift */,
				75FD634B209D1350004E8582 /* CustomDateFormatter.swift */,
			);
			path = Model;
			sourceTree = "<group>";
		};
		75FD634A209D077B004E8582 /* Controllers */ = {
			isa = PBXGroup;
			children = (
				7564BD00209B36F700439712 /* MainViewController.swift */,
				75346949209B94E900599A82 /* DetailViewController.swift */,
			);
			path = Controllers;
			sourceTree = "<group>";
		};
		75FD634D209E0548004E8582 /* View */ = {
			isa = PBXGroup;
			children = (
				7564BD02209B36F700439712 /* Main.storyboard */,
			);
			path = View;
			sourceTree = "<group>";
		};
/* End PBXGroup section */

/* Begin PBXNativeTarget section */
		7564BCFA209B36F700439712 /* BBS_Test */ = {
			isa = PBXNativeTarget;
			buildConfigurationList = 7564BD0D209B36F800439712 /* Build configuration list for PBXNativeTarget "BBS_Test" */;
			buildPhases = (
				7564BCF7209B36F700439712 /* Sources */,
				7564BCF8209B36F700439712 /* Frameworks */,
				7564BCF9209B36F700439712 /* Resources */,
			);
			buildRules = (
			);
			dependencies = (
			);
			name = BBS_Test;
			productName = BBS_Test;
			productReference = 7564BCFB209B36F700439712 /* BBS_Test.app */;
			productType = "com.apple.product-type.application";
		};
/* End PBXNativeTarget section */

/* Begin PBXProject section */
		7564BCF3209B36F700439712 /* Project object */ = {
			isa = PBXProject;
			attributes = {
				LastSwiftUpdateCheck = 0930;
				LastUpgradeCheck = 0930;
				ORGANIZATIONNAME = "Clément Lavoisier";
				TargetAttributes = {
					7564BCFA209B36F700439712 = {
						CreatedOnToolsVersion = 9.3;
					};
				};
			};
			buildConfigurationList = 7564BCF6209B36F700439712 /* Build configuration list for PBXProject "BBS_Test" */;
			compatibilityVersion = "Xcode 9.3";
			developmentRegion = en;
			hasScannedForEncodings = 0;
			knownRegions = (
				en,
				Base,
			);
			mainGroup = 7564BCF2209B36F700439712;
			productRefGroup = 7564BCFC209B36F700439712 /* Products */;
			projectDirPath = "";
			projectRoot = "";
			targets = (
				7564BCFA209B36F700439712 /* BBS_Test */,
			);
		};
/* End PBXProject section */

/* Begin PBXResourcesBuildPhase section */
		7564BCF9209B36F700439712 /* Resources */ = {
			isa = PBXResourcesBuildPhase;
			buildActionMask = 2147483647;
			files = (
				7564BD06209B36F800439712 /* Assets.xcassets in Resources */,
				7564BD04209B36F700439712 /* Main.storyboard in Resources */,
			);
			runOnlyForDeploymentPostprocessing = 0;
		};
/* End PBXResourcesBuildPhase section */

/* Begin PBXSourcesBuildPhase section */
		7564BCF7209B36F700439712 /* Sources */ = {
			isa = PBXSourcesBuildPhase;
			buildActionMask = 2147483647;
			files = (
				7534694A209B94E900599A82 /* DetailViewController.swift in Sources */,
				75FD6346209D0472004E8582 /* Film.swift in Sources */,
				75FD6349209D0486004E8582 /* Character.swift in Sources */,
				7564BD01209B36F700439712 /* MainViewController.swift in Sources */,
				7564BCFF209B36F700439712 /* AppDelegate.swift in Sources */,
				75FD634C209D1350004E8582 /* CustomDateFormatter.swift in Sources */,
			);
			runOnlyForDeploymentPostprocessing = 0;
		};
/* End PBXSourcesBuildPhase section */

/* Begin PBXVariantGroup section */
		7564BD02209B36F700439712 /* Main.storyboard */ = {
			isa = PBXVariantGroup;
			children = (
				7564BD03209B36F700439712 /* Base */,
			);
			name = Main.storyboard;
			sourceTree = "<group>";
		};
/* End PBXVariantGroup section */

/* Begin XCBuildConfiguration section */
		7564BD0B209B36F800439712 /* Debug */ = {
			isa = XCBuildConfiguration;
			buildSettings = {
				ALWAYS_SEARCH_USER_PATHS = NO;
				CLANG_ANALYZER_NONNULL = YES;
				CLANG_ANALYZER_NUMBER_OBJECT_CONVERSION = YES_AGGRESSIVE;
				CLANG_CXX_LANGUAGE_STANDARD = "gnu++14";
				CLANG_CXX_LIBRARY = "libc++";
				CLANG_ENABLE_MODULES = YES;
				CLANG_ENABLE_OBJC_ARC = YES;
				CLANG_ENABLE_OBJC_WEAK = YES;
				CLANG_WARN_BLOCK_CAPTURE_AUTORELEASING = YES;
				CLANG_WARN_BOOL_CONVERSION = YES;
				CLANG_WARN_COMMA = YES;
				CLANG_WARN_CONSTANT_CONVERSION = YES;
				CLANG_WARN_DEPRECATED_OBJC_IMPLEMENTATIONS = YES;
				CLANG_WARN_DIRECT_OBJC_ISA_USAGE = YES_ERROR;
				CLANG_WARN_DOCUMENTATION_COMMENTS = YES;
				CLANG_WARN_EMPTY_BODY = YES;
				CLANG_WARN_ENUM_CONVERSION = YES;
				CLANG_WARN_INFINITE_RECURSION = YES;
				CLANG_WARN_INT_CONVERSION = YES;
				CLANG_WARN_NON_LITERAL_NULL_CONVERSION = YES;
				CLANG_WARN_OBJC_IMPLICIT_RETAIN_SELF = YES;
				CLANG_WARN_OBJC_LITERAL_CONVERSION = YES;
				CLANG_WARN_OBJC_ROOT_CLASS = YES_ERROR;
				CLANG_WARN_RANGE_LOOP_ANALYSIS = YES;
				CLANG_WARN_STRICT_PROTOTYPES = YES;
				CLANG_WARN_SUSPICIOUS_MOVE = YES;
				CLANG_WARN_UNGUARDED_AVAILABILITY = YES_AGGRESSIVE;
				CLANG_WARN_UNREACHABLE_CODE = YES;
				CLANG_WARN__DUPLICATE_METHOD_MATCH = YES;
				CODE_SIGN_IDENTITY = "iPhone Developer";
				COPY_PHASE_STRIP = NO;
				DEBUG_INFORMATION_FORMAT = dwarf;
				ENABLE_STRICT_OBJC_MSGSEND = YES;
				ENABLE_TESTABILITY = YES;
				GCC_C_LANGUAGE_STANDARD = gnu11;
				GCC_DYNAMIC_NO_PIC = NO;
				GCC_NO_COMMON_BLOCKS = YES;
				GCC_OPTIMIZATION_LEVEL = 0;
				GCC_PREPROCESSOR_DEFINITIONS = (
					"DEBUG=1",
					"$(inherited)",
				);
				GCC_WARN_64_TO_32_BIT_CONVERSION = YES;
				GCC_WARN_ABOUT_RETURN_TYPE = YES_ERROR;
				GCC_WARN_UNDECLARED_SELECTOR = YES;
				GCC_WARN_UNINITIALIZED_AUTOS = YES_AGGRESSIVE;
				GCC_WARN_UNUSED_FUNCTION = YES;
				GCC_WARN_UNUSED_VARIABLE = YES;
				IPHONEOS_DEPLOYMENT_TARGET = 11.3;
				MTL_ENABLE_DEBUG_INFO = YES;
				ONLY_ACTIVE_ARCH = YES;
				SDKROOT = iphoneos;
				SWIFT_ACTIVE_COMPILATION_CONDITIONS = DEBUG;
				SWIFT_OPTIMIZATION_LEVEL = "-Onone";
			};
			name = Debug;
		};
		7564BD0C209B36F800439712 /* Release */ = {
			isa = XCBuildConfiguration;
			buildSettings = {
				ALWAYS_SEARCH_USER_PATHS = NO;
				CLANG_ANALYZER_NONNULL = YES;
				CLANG_ANALYZER_NUMBER_OBJECT_CONVERSION = YES_AGGRESSIVE;
				CLANG_CXX_LANGUAGE_STANDARD = "gnu++14";
				CLANG_CXX_LIBRARY = "libc++";
				CLANG_ENABLE_MODULES = YES;
				CLANG_ENABLE_OBJC_ARC = YES;
				CLANG_ENABLE_OBJC_WEAK = YES;
				CLANG_WARN_BLOCK_CAPTURE_AUTORELEASING = YES;
				CLANG_WARN_BOOL_CONVERSION = YES;
				CLANG_WARN_COMMA = YES;
				CLANG_WARN_CONSTANT_CONVERSION = YES;
				CLANG_WARN_DEPRECATED_OBJC_IMPLEMENTATIONS = YES;
				CLANG_WARN_DIRECT_OBJC_ISA_USAGE = YES_ERROR;
				CLANG_WARN_DOCUMENTATION_COMMENTS = YES;
				CLANG_WARN_EMPTY_BODY = YES;
				CLANG_WARN_ENUM_CONVERSION = YES;
				CLANG_WARN_INFINITE_RECURSION = YES;
				CLANG_WARN_INT_CONVERSION = YES;
				CLANG_WARN_NON_LITERAL_NULL_CONVERSION = YES;
				CLANG_WARN_OBJC_IMPLICIT_RETAIN_SELF = YES;
				CLANG_WARN_OBJC_LITERAL_CONVERSION = YES;
				CLANG_WARN_OBJC_ROOT_CLASS = YES_ERROR;
				CLANG_WARN_RANGE_LOOP_ANALYSIS = YES;
				CLANG_WARN_STRICT_PROTOTYPES = YES;
				CLANG_WARN_SUSPICIOUS_MOVE = YES;
				CLANG_WARN_UNGUARDED_AVAILABILITY = YES_AGGRESSIVE;
				CLANG_WARN_UNREACHABLE_CODE = YES;
				CLANG_WARN__DUPLICATE_METHOD_MATCH = YES;
				CODE_SIGN_IDENTITY = "iPhone Developer";
				COPY_PHASE_STRIP = NO;
				DEBUG_INFORMATION_FORMAT = "dwarf-with-dsym";
				ENABLE_NS_ASSERTIONS = NO;
				ENABLE_STRICT_OBJC_MSGSEND = YES;
				GCC_C_LANGUAGE_STANDARD = gnu11;
				GCC_NO_COMMON_BLOCKS = YES;
				GCC_WARN_64_TO_32_BIT_CONVERSION = YES;
				GCC_WARN_ABOUT_RETURN_TYPE = YES_ERROR;
				GCC_WARN_UNDECLARED_SELECTOR = YES;
				GCC_WARN_UNINITIALIZED_AUTOS = YES_AGGRESSIVE;
				GCC_WARN_UNUSED_FUNCTION = YES;
				GCC_WARN_UNUSED_VARIABLE = YES;
				IPHONEOS_DEPLOYMENT_TARGET = 11.3;
				MTL_ENABLE_DEBUG_INFO = NO;
				SDKROOT = iphoneos;
				SWIFT_COMPILATION_MODE = wholemodule;
				SWIFT_OPTIMIZATION_LEVEL = "-O";
				VALIDATE_PRODUCT = YES;
			};
			name = Release;
		};
		7564BD0E209B36F800439712 /* Debug */ = {
			isa = XCBuildConfiguration;
			buildSettings = {
				ASSETCATALOG_COMPILER_APPICON_NAME = AppIcon;
				CODE_SIGN_STYLE = Automatic;
				DEVELOPMENT_TEAM = A49HQYFJ7L;
				INFOPLIST_FILE = BBS_Test/Info.plist;
				IPHONEOS_DEPLOYMENT_TARGET = 10.0;
				LD_RUNPATH_SEARCH_PATHS = (
					"$(inherited)",
					"@executable_path/Frameworks",
				);
				PRODUCT_BUNDLE_IDENTIFIER = "com.clement.BBS-Test";
				PRODUCT_NAME = "$(TARGET_NAME)";
				SWIFT_VERSION = 4.0;
				TARGETED_DEVICE_FAMILY = 1;
			};
			name = Debug;
		};
		7564BD0F209B36F800439712 /* Release */ = {
			isa = XCBuildConfiguration;
			buildSettings = {
				ASSETCATALOG_COMPILER_APPICON_NAME = AppIcon;
				CODE_SIGN_STYLE = Automatic;
				DEVELOPMENT_TEAM = A49HQYFJ7L;
				INFOPLIST_FILE = BBS_Test/Info.plist;
				IPHONEOS_DEPLOYMENT_TARGET = 10.0;
				LD_RUNPATH_SEARCH_PATHS = (
					"$(inherited)",
					"@executable_path/Frameworks",
				);
				PRODUCT_BUNDLE_IDENTIFIER = "com.clement.BBS-Test";
				PRODUCT_NAME = "$(TARGET_NAME)";
				SWIFT_VERSION = 4.0;
				TARGETED_DEVICE_FAMILY = 1;
			};
			name = Release;
		};
/* End XCBuildConfiguration section */

/* Begin XCConfigurationList section */
		7564BCF6209B36F700439712 /* Build configuration list for PBXProject "BBS_Test" */ = {
			isa = XCConfigurationList;
			buildConfigurations = (
				7564BD0B209B36F800439712 /* Debug */,
				7564BD0C209B36F800439712 /* Release */,
			);
			defaultConfigurationIsVisible = 0;
			defaultConfigurationName = Release;
		};
		7564BD0D209B36F800439712 /* Build configuration list for PBXNativeTarget "BBS_Test" */ = {
			isa = XCConfigurationList;
			buildConfigurations = (
				7564BD0E209B36F800439712 /* Debug */,
				7564BD0F209B36F800439712 /* Release */,
			);
			defaultConfigurationIsVisible = 0;
			defaultConfigurationName = Release;
		};
/* End XCConfigurationList section */
	};
	rootObject = 7564BCF3209B36F700439712 /* Project object */;
}
